
Microsoft Visual Studio Solution File, Format Version 12.00
# Visual Studio 15
VisualStudioVersion = 15.0.28010.2041
MinimumVisualStudioVersion = 10.0.40219.1
Project("{FAE04EC0-301F-11D3-BF4B-00C04F79EFBC}") = "MapViewPallet", "MapViewPallet\MapViewPallet.csproj", "{F55558F8-B36E-4CFA-AF1E-7009EBF32799}"
EndProject
Project("{54435603-DBB4-11D2-8724-00A0C9A8B90C}") = "WarehouseManagementService", "Setup Project\WarehouseManagementService\WarehouseManagementService.vdproj", "{43626816-770E-4F81-AC77-D89E41126F00}"
EndProject
Global
	GlobalSection(SolutionConfigurationPlatforms) = preSolution
		Debug|Any CPU = Debug|Any CPU
		Release|Any CPU = Release|Any CPU
	EndGlobalSection
	GlobalSection(ProjectConfigurationPlatforms) = postSolution
		{F55558F8-B36E-4CFA-AF1E-7009EBF32799}.Debug|Any CPU.ActiveCfg = Debug|Any CPU
		{F55558F8-B36E-4CFA-AF1E-7009EBF32799}.Debug|Any CPU.Build.0 = Debug|Any CPU
		{F55558F8-B36E-4CFA-AF1E-7009EBF32799}.Release|Any CPU.ActiveCfg = Release|Any CPU
		{F55558F8-B36E-4CFA-AF1E-7009EBF32799}.Release|Any CPU.Build.0 = Release|Any CPU
		{43626816-770E-4F81-AC77-D89E41126F00}.Debug|Any CPU.ActiveCfg = Debug
		{43626816-770E-4F81-AC77-D89E41126F00}.Release|Any CPU.ActiveCfg = Release
	EndGlobalSection
	GlobalSection(SolutionProperties) = preSolution
		HideSolutionNode = FALSE
	EndGlobalSection
	GlobalSection(ExtensibilityGlobals) = postSolution
		SolutionGuid = {2F647399-26EA-4D8F-9A0C-5067697F6E6A}
	EndGlobalSection
EndGlobal
